{
    "_meta": {
        "hash": {
            "sha256": "486f4a9f0332cc2ea234f1515185ccadcff78b47517057ee648195eab3b34b91"
        },
        "pipfile-spec": 6,
        "requires": {
            "python_version": "3.8"
        },
        "sources": [
            {
                "name": "pypi",
                "url": "https://pypi.python.org/simple",
                "verify_ssl": false
            }
        ]
    },
    "default": {},
    "develop": {}
}
